
Microsoft Visual Studio Solution File, Format Version 12.00
# Visual Studio Version 16
VisualStudioVersion = 16.0.29709.97
MinimumVisualStudioVersion = 10.0.40219.1
Project("{FAE04EC0-301F-11D3-BF4B-00C04F79EFBC}") = "addressbook-web-tests", "addressbook-web-tests\addressbook-web-tests.csproj", "{FA4091AA-8390-4BD5-93B9-907D1CAD11AF}"
EndProject
Project("{FAE04EC0-301F-11D3-BF4B-00C04F79EFBC}") = "addressbook-testdata-generator", "addressbook-testdata-generator\addressbook-testdata-generator.csproj", "{3DAE490C-28C8-45AB-918E-B3167BD51F16}"
	ProjectSection(ProjectDependencies) = postProject
		{FA4091AA-8390-4BD5-93B9-907D1CAD11AF} = {FA4091AA-8390-4BD5-93B9-907D1CAD11AF}
	EndProjectSection
EndProject
Global
	GlobalSection(SolutionConfigurationPlatforms) = preSolution
		Debug|Any CPU = Debug|Any CPU
		Release|Any CPU = Release|Any CPU
	EndGlobalSection
	GlobalSection(ProjectConfigurationPlatforms) = postSolution
		{FA4091AA-8390-4BD5-93B9-907D1CAD11AF}.Debug|Any CPU.ActiveCfg = Debug|Any CPU
		{FA4091AA-8390-4BD5-93B9-907D1CAD11AF}.Debug|Any CPU.Build.0 = Debug|Any CPU
		{FA4091AA-8390-4BD5-93B9-907D1CAD11AF}.Release|Any CPU.ActiveCfg = Release|Any CPU
		{FA4091AA-8390-4BD5-93B9-907D1CAD11AF}.Release|Any CPU.Build.0 = Release|Any CPU
		{3DAE490C-28C8-45AB-918E-B3167BD51F16}.Debug|Any CPU.ActiveCfg = Debug|Any CPU
		{3DAE490C-28C8-45AB-918E-B3167BD51F16}.Debug|Any CPU.Build.0 = Debug|Any CPU
		{3DAE490C-28C8-45AB-918E-B3167BD51F16}.Release|Any CPU.ActiveCfg = Release|Any CPU
		{3DAE490C-28C8-45AB-918E-B3167BD51F16}.Release|Any CPU.Build.0 = Release|Any CPU
	EndGlobalSection
	GlobalSection(SolutionProperties) = preSolution
		HideSolutionNode = FALSE
	EndGlobalSection
	GlobalSection(ExtensibilityGlobals) = postSolution
		SolutionGuid = {1B1E3941-E02C-4009-B191-340B6C5C3F14}
	EndGlobalSection
EndGlobal
