
Microsoft Visual Studio Solution File, Format Version 12.00
# Visual Studio Version 16
VisualStudioVersion = 16.0.29709.97
MinimumVisualStudioVersion = 10.0.40219.1
Project("{FAE04EC0-301F-11D3-BF4B-00C04F79EFBC}") = "addressbook_tests_white", "addressbook_tests_white\addressbook_tests_white.csproj", "{BC1A7A61-B97E-4CD9-B95A-CB1F457928D9}"
EndProject
Global
	GlobalSection(SolutionConfigurationPlatforms) = preSolution
		Debug|Any CPU = Debug|Any CPU
		Release|Any CPU = Release|Any CPU
	EndGlobalSection
	GlobalSection(ProjectConfigurationPlatforms) = postSolution
		{BC1A7A61-B97E-4CD9-B95A-CB1F457928D9}.Debug|Any CPU.ActiveCfg = Debug|Any CPU
		{BC1A7A61-B97E-4CD9-B95A-CB1F457928D9}.Debug|Any CPU.Build.0 = Debug|Any CPU
		{BC1A7A61-B97E-4CD9-B95A-CB1F457928D9}.Release|Any CPU.ActiveCfg = Release|Any CPU
		{BC1A7A61-B97E-4CD9-B95A-CB1F457928D9}.Release|Any CPU.Build.0 = Release|Any CPU
	EndGlobalSection
	GlobalSection(SolutionProperties) = preSolution
		HideSolutionNode = FALSE
	EndGlobalSection
	GlobalSection(ExtensibilityGlobals) = postSolution
		SolutionGuid = {EBC3E4C7-E7EF-43A1-8B78-7D13D5B0C0F7}
	EndGlobalSection
EndGlobal
